
Microsoft Visual Studio Solution File, Format Version 12.00
# Visual Studio Version 17
VisualStudioVersion = 17.11.35312.102
MinimumVisualStudioVersion = 10.0.40219.1
Project("{FAE04EC0-301F-11D3-BF4B-00C04F79EFBC}") = "user_interface", "user_interface.csproj", "{D3C9C4E9-B3BB-4161-9FC5-8FEC069F541E}"
EndProject
Project("{FAE04EC0-301F-11D3-BF4B-00C04F79EFBC}") = "internal_logic", "..\logic\internal_logic.csproj", "{7D428B07-0771-4C15-9A3E-92338076DA7A}"
EndProject
Project("{FAE04EC0-301F-11D3-BF4B-00C04F79EFBC}") = "api_logic", "..\api_logic\api_logic.csproj", "{C5CEC017-8BE1-4703-856B-8529B6FB0F19}"
EndProject
Global
	GlobalSection(SolutionConfigurationPlatforms) = preSolution
		Debug|Any CPU = Debug|Any CPU
		Release|Any CPU = Release|Any CPU
	EndGlobalSection
	GlobalSection(ProjectConfigurationPlatforms) = postSolution
		{D3C9C4E9-B3BB-4161-9FC5-8FEC069F541E}.Debug|Any CPU.ActiveCfg = Debug|Any CPU
		{D3C9C4E9-B3BB-4161-9FC5-8FEC069F541E}.Debug|Any CPU.Build.0 = Debug|Any CPU
		{D3C9C4E9-B3BB-4161-9FC5-8FEC069F541E}.Release|Any CPU.ActiveCfg = Release|Any CPU
		{D3C9C4E9-B3BB-4161-9FC5-8FEC069F541E}.Release|Any CPU.Build.0 = Release|Any CPU
		{7D428B07-0771-4C15-9A3E-92338076DA7A}.Debug|Any CPU.ActiveCfg = Debug|Any CPU
		{7D428B07-0771-4C15-9A3E-92338076DA7A}.Debug|Any CPU.Build.0 = Debug|Any CPU
		{7D428B07-0771-4C15-9A3E-92338076DA7A}.Release|Any CPU.ActiveCfg = Release|Any CPU
		{7D428B07-0771-4C15-9A3E-92338076DA7A}.Release|Any CPU.Build.0 = Release|Any CPU
		{C5CEC017-8BE1-4703-856B-8529B6FB0F19}.Debug|Any CPU.ActiveCfg = Debug|Any CPU
		{C5CEC017-8BE1-4703-856B-8529B6FB0F19}.Debug|Any CPU.Build.0 = Debug|Any CPU
		{C5CEC017-8BE1-4703-856B-8529B6FB0F19}.Release|Any CPU.ActiveCfg = Release|Any CPU
		{C5CEC017-8BE1-4703-856B-8529B6FB0F19}.Release|Any CPU.Build.0 = Release|Any CPU
	EndGlobalSection
	GlobalSection(SolutionProperties) = preSolution
		HideSolutionNode = FALSE
	EndGlobalSection
	GlobalSection(ExtensibilityGlobals) = postSolution
		SolutionGuid = {1EFA1DC9-0DC1-4859-AE17-55335BDBC136}
	EndGlobalSection
EndGlobal
